
Microsoft Visual Studio Solution File, Format Version 12.00
# Visual Studio Version 17
VisualStudioVersion = 17.11.35312.102
MinimumVisualStudioVersion = 10.0.40219.1
Project("{2150E333-8FDC-42A3-9474-1A3956D46DE8}") = "Common", "Common", "{6F54D7B0-BFBE-4768-82E2-92A7BE1C68EE}"
EndProject
Project("{9A19103F-16F7-4668-BE54-9A1E7A4F7556}") = "Common.Domain", "Common\Common.Domain\Common.Domain.csproj", "{94C818A2-4E88-49B9-88B9-12ABEDF2B429}"
EndProject
Project("{2150E333-8FDC-42A3-9474-1A3956D46DE8}") = "Solution Items", "Solution Items", "{664B84C1-F99A-44B2-B13D-77480C3968B7}"
	ProjectSection(SolutionItems) = preProject
		.gitignore = .gitignore
	EndProjectSection
EndProject
Project("{2150E333-8FDC-42A3-9474-1A3956D46DE8}") = "Src", "Src", "{84C0C988-C20A-447E-BF30-8A0FF7A44308}"
EndProject
Project("{2150E333-8FDC-42A3-9474-1A3956D46DE8}") = "EndPoints", "EndPoints", "{33672063-597F-4212-8983-3A9C8DEE2DC8}"
EndProject
Project("{FAE04EC0-301F-11D3-BF4B-00C04F79EFBC}") = "Application", "newestSrc\Application\Application.csproj", "{CEF9DA89-DE4E-49E3-A8C0-0C87DAA24998}"
EndProject
Project("{FAE04EC0-301F-11D3-BF4B-00C04F79EFBC}") = "Domain", "newestSrc\Domain\Domain.csproj", "{A078CB80-F4F9-4393-8C74-47C48AEAE6EB}"
EndProject
Project("{FAE04EC0-301F-11D3-BF4B-00C04F79EFBC}") = "Infra.Data", "newestSrc\Infra.Data\Infra.Data.csproj", "{5AA7A8F9-C537-4451-AFCC-B866E7DFDE65}"
EndProject
Project("{FAE04EC0-301F-11D3-BF4B-00C04F79EFBC}") = "Infra.IoC", "newestSrc\Infra.IoC\Infra.IoC.csproj", "{AA559E91-4309-4108-B195-9A3721DFF0C9}"
EndProject
Project("{FAE04EC0-301F-11D3-BF4B-00C04F79EFBC}") = "EndPoint", "newestSrc\EndPoints\EndPoint\EndPoint.csproj", "{A1248B05-03A6-4095-AA2A-7CF0CDB595A6}"
EndProject
Project("{FAE04EC0-301F-11D3-BF4B-00C04F79EFBC}") = "Common.Application", "Common\Common.Application\Common.Application.csproj", "{58A97FA3-5889-474F-A1AD-98E4F77733F9}"
EndProject
Global
	GlobalSection(SolutionConfigurationPlatforms) = preSolution
		Debug|Any CPU = Debug|Any CPU
		Release|Any CPU = Release|Any CPU
	EndGlobalSection
	GlobalSection(ProjectConfigurationPlatforms) = postSolution
		{94C818A2-4E88-49B9-88B9-12ABEDF2B429}.Debug|Any CPU.ActiveCfg = Debug|Any CPU
		{94C818A2-4E88-49B9-88B9-12ABEDF2B429}.Debug|Any CPU.Build.0 = Debug|Any CPU
		{94C818A2-4E88-49B9-88B9-12ABEDF2B429}.Release|Any CPU.ActiveCfg = Release|Any CPU
		{94C818A2-4E88-49B9-88B9-12ABEDF2B429}.Release|Any CPU.Build.0 = Release|Any CPU
		{CEF9DA89-DE4E-49E3-A8C0-0C87DAA24998}.Debug|Any CPU.ActiveCfg = Debug|Any CPU
		{CEF9DA89-DE4E-49E3-A8C0-0C87DAA24998}.Debug|Any CPU.Build.0 = Debug|Any CPU
		{CEF9DA89-DE4E-49E3-A8C0-0C87DAA24998}.Release|Any CPU.ActiveCfg = Release|Any CPU
		{CEF9DA89-DE4E-49E3-A8C0-0C87DAA24998}.Release|Any CPU.Build.0 = Release|Any CPU
		{A078CB80-F4F9-4393-8C74-47C48AEAE6EB}.Debug|Any CPU.ActiveCfg = Debug|Any CPU
		{A078CB80-F4F9-4393-8C74-47C48AEAE6EB}.Debug|Any CPU.Build.0 = Debug|Any CPU
		{A078CB80-F4F9-4393-8C74-47C48AEAE6EB}.Release|Any CPU.ActiveCfg = Release|Any CPU
		{A078CB80-F4F9-4393-8C74-47C48AEAE6EB}.Release|Any CPU.Build.0 = Release|Any CPU
		{5AA7A8F9-C537-4451-AFCC-B866E7DFDE65}.Debug|Any CPU.ActiveCfg = Debug|Any CPU
		{5AA7A8F9-C537-4451-AFCC-B866E7DFDE65}.Debug|Any CPU.Build.0 = Debug|Any CPU
		{5AA7A8F9-C537-4451-AFCC-B866E7DFDE65}.Release|Any CPU.ActiveCfg = Release|Any CPU
		{5AA7A8F9-C537-4451-AFCC-B866E7DFDE65}.Release|Any CPU.Build.0 = Release|Any CPU
		{AA559E91-4309-4108-B195-9A3721DFF0C9}.Debug|Any CPU.ActiveCfg = Debug|Any CPU
		{AA559E91-4309-4108-B195-9A3721DFF0C9}.Debug|Any CPU.Build.0 = Debug|Any CPU
		{AA559E91-4309-4108-B195-9A3721DFF0C9}.Release|Any CPU.ActiveCfg = Release|Any CPU
		{AA559E91-4309-4108-B195-9A3721DFF0C9}.Release|Any CPU.Build.0 = Release|Any CPU
		{A1248B05-03A6-4095-AA2A-7CF0CDB595A6}.Debug|Any CPU.ActiveCfg = Debug|Any CPU
		{A1248B05-03A6-4095-AA2A-7CF0CDB595A6}.Debug|Any CPU.Build.0 = Debug|Any CPU
		{A1248B05-03A6-4095-AA2A-7CF0CDB595A6}.Release|Any CPU.ActiveCfg = Release|Any CPU
		{A1248B05-03A6-4095-AA2A-7CF0CDB595A6}.Release|Any CPU.Build.0 = Release|Any CPU
		{58A97FA3-5889-474F-A1AD-98E4F77733F9}.Debug|Any CPU.ActiveCfg = Debug|Any CPU
		{58A97FA3-5889-474F-A1AD-98E4F77733F9}.Debug|Any CPU.Build.0 = Debug|Any CPU
		{58A97FA3-5889-474F-A1AD-98E4F77733F9}.Release|Any CPU.ActiveCfg = Release|Any CPU
		{58A97FA3-5889-474F-A1AD-98E4F77733F9}.Release|Any CPU.Build.0 = Release|Any CPU
	EndGlobalSection
	GlobalSection(SolutionProperties) = preSolution
		HideSolutionNode = FALSE
	EndGlobalSection
	GlobalSection(NestedProjects) = preSolution
		{94C818A2-4E88-49B9-88B9-12ABEDF2B429} = {6F54D7B0-BFBE-4768-82E2-92A7BE1C68EE}
		{33672063-597F-4212-8983-3A9C8DEE2DC8} = {84C0C988-C20A-447E-BF30-8A0FF7A44308}
		{CEF9DA89-DE4E-49E3-A8C0-0C87DAA24998} = {84C0C988-C20A-447E-BF30-8A0FF7A44308}
		{A078CB80-F4F9-4393-8C74-47C48AEAE6EB} = {84C0C988-C20A-447E-BF30-8A0FF7A44308}
		{5AA7A8F9-C537-4451-AFCC-B866E7DFDE65} = {84C0C988-C20A-447E-BF30-8A0FF7A44308}
		{AA559E91-4309-4108-B195-9A3721DFF0C9} = {84C0C988-C20A-447E-BF30-8A0FF7A44308}
		{A1248B05-03A6-4095-AA2A-7CF0CDB595A6} = {33672063-597F-4212-8983-3A9C8DEE2DC8}
		{58A97FA3-5889-474F-A1AD-98E4F77733F9} = {6F54D7B0-BFBE-4768-82E2-92A7BE1C68EE}
	EndGlobalSection
	GlobalSection(ExtensibilityGlobals) = postSolution
		SolutionGuid = {6E38FED1-79D6-4908-8405-13116E33805A}
	EndGlobalSection
EndGlobal
